
Microsoft Visual Studio Solution File, Format Version 12.00
# Visual Studio Version 16
VisualStudioVersion = 16.0.32901.82
MinimumVisualStudioVersion = 10.0.40219.1
Project("{00D1A9C2-B5F0-4AF3-8072-F6C62B433612}") = "ClientInformationRequests", "ClientInformationRequests.sqlproj", "{7258BB45-EFB0-4125-A780-878E73A9ECC5}"
EndProject
Global
	GlobalSection(SolutionConfigurationPlatforms) = preSolution
		Debug|Any CPU = Debug|Any CPU
		Release|Any CPU = Release|Any CPU
	EndGlobalSection
	GlobalSection(ProjectConfigurationPlatforms) = postSolution
		{7258BB45-EFB0-4125-A780-878E73A9ECC5}.Debug|Any CPU.ActiveCfg = Debug|Any CPU
		{7258BB45-EFB0-4125-A780-878E73A9ECC5}.Debug|Any CPU.Build.0 = Debug|Any CPU
		{7258BB45-EFB0-4125-A780-878E73A9ECC5}.Debug|Any CPU.Deploy.0 = Debug|Any CPU
		{7258BB45-EFB0-4125-A780-878E73A9ECC5}.Release|Any CPU.ActiveCfg = Release|Any CPU
		{7258BB45-EFB0-4125-A780-878E73A9ECC5}.Release|Any CPU.Build.0 = Release|Any CPU
		{7258BB45-EFB0-4125-A780-878E73A9ECC5}.Release|Any CPU.Deploy.0 = Release|Any CPU
	EndGlobalSection
	GlobalSection(SolutionProperties) = preSolution
		HideSolutionNode = FALSE
	EndGlobalSection
	GlobalSection(ExtensibilityGlobals) = postSolution
		SolutionGuid = {C3D3D7C4-2A20-4550-9FFA-7AC7D3E61265}
	EndGlobalSection
EndGlobal
